# This file is automatically @generated by Cargo.
# It is not intended for manual editing.
[[package]]
name = "once_cell"
version = "1.4.1"
source = "registry+https://github.com/rust-lang/crates.io-index"
checksum = "260e51e7efe62b592207e9e13a68e43692a7a279171d6ba57abd208bf23645ad"

[[package]]
name = "shari"
version = "0.1.0"
dependencies = [
 "once_cell",
]
